
Microsoft Visual Studio Solution File, Format Version 12.00
# Blend for Visual Studio Version 17
VisualStudioVersion = 17.9.34701.34
MinimumVisualStudioVersion = 10.0.40219.1
Project("{FAE04EC0-301F-11D3-BF4B-00C04F79EFBC}") = "Patients Service App", "Patients Service App\Patients Service App.csproj", "{313FD485-DBB4-4F54-B6D3-4B379017F3DF}"
EndProject
Global
	GlobalSection(SolutionConfigurationPlatforms) = preSolution
		Debug|Any CPU = Debug|Any CPU
		Release|Any CPU = Release|Any CPU
	EndGlobalSection
	GlobalSection(ProjectConfigurationPlatforms) = postSolution
		{313FD485-DBB4-4F54-B6D3-4B379017F3DF}.Debug|Any CPU.ActiveCfg = Debug|Any CPU
		{313FD485-DBB4-4F54-B6D3-4B379017F3DF}.Debug|Any CPU.Build.0 = Debug|Any CPU
		{313FD485-DBB4-4F54-B6D3-4B379017F3DF}.Release|Any CPU.ActiveCfg = Release|Any CPU
		{313FD485-DBB4-4F54-B6D3-4B379017F3DF}.Release|Any CPU.Build.0 = Release|Any CPU
	EndGlobalSection
	GlobalSection(SolutionProperties) = preSolution
		HideSolutionNode = FALSE
	EndGlobalSection
	GlobalSection(ExtensibilityGlobals) = postSolution
		SolutionGuid = {3CC7A3EB-7BEC-4993-A945-EA86E9A16DE3}
	EndGlobalSection
EndGlobal
